
Microsoft Visual Studio Solution File, Format Version 12.00
# Visual Studio Version 16
VisualStudioVersion = 16.0.28803.452
MinimumVisualStudioVersion = 10.0.40219.1
Project("{FAE04EC0-301F-11D3-BF4B-00C04F79EFBC}") = "UdemyCSLecture76Exercises", "UdemyCSLecture76Exercises\UdemyCSLecture76Exercises.csproj", "{65798C92-EA92-4D95-B224-9108696F0FB5}"
EndProject
Global
	GlobalSection(SolutionConfigurationPlatforms) = preSolution
		Debug|Any CPU = Debug|Any CPU
		Release|Any CPU = Release|Any CPU
	EndGlobalSection
	GlobalSection(ProjectConfigurationPlatforms) = postSolution
		{65798C92-EA92-4D95-B224-9108696F0FB5}.Debug|Any CPU.ActiveCfg = Debug|Any CPU
		{65798C92-EA92-4D95-B224-9108696F0FB5}.Debug|Any CPU.Build.0 = Debug|Any CPU
		{65798C92-EA92-4D95-B224-9108696F0FB5}.Release|Any CPU.ActiveCfg = Release|Any CPU
		{65798C92-EA92-4D95-B224-9108696F0FB5}.Release|Any CPU.Build.0 = Release|Any CPU
	EndGlobalSection
	GlobalSection(SolutionProperties) = preSolution
		HideSolutionNode = FALSE
	EndGlobalSection
	GlobalSection(ExtensibilityGlobals) = postSolution
		SolutionGuid = {80318D1E-2731-4835-AA13-7132AFCEA1F6}
	EndGlobalSection
EndGlobal
